# THIS IS AN AUTOGENERATED FILE. DO NOT EDIT THIS FILE DIRECTLY.
# yarn lockfile v1


"@prettier/plugin-xml@^3.4.1":
  version "3.4.1"
  resolved "https://registry.yarnpkg.com/@prettier/plugin-xml/-/plugin-xml-3.4.1.tgz#6c3be1184871a983d08c9f81c8a8796f62a19568"
  integrity sha512-Uf/6/+9ez6z/IvZErgobZ2G9n1ybxF5BhCd7eMcKqfoWuOzzNUxBipNo3QAP8kRC1VD18TIo84no7LhqtyDcTg==
  dependencies:
    "@xml-tools/parser" "^1.0.11"

"@taplo/core@^0.1.0":
  version "0.1.1"
  resolved "https://registry.yarnpkg.com/@taplo/core/-/core-0.1.1.tgz#28a301d6ea141249ff712f8a2b9fce6d4e813d41"
  integrity sha512-BG/zLGf5wiNXGEVPvUAAX/4ilB3PwDUY2o0MV0y47mZbDZ9ad9UK/cIQsILat3bqbPJsALVbU6k3cskNZ3vAQg==

"@taplo/lib@^0.4.0-alpha.2":
  version "0.4.0-alpha.2"
  resolved "https://registry.yarnpkg.com/@taplo/lib/-/lib-0.4.0-alpha.2.tgz#6a2fcdeb947c34ada51a15797c69c673f8a62a2c"
  integrity sha512-DV/Re3DPVY+BhBtLZ3dmP4mP6YMLSsgq9qGLXwOV38lvNF/fBlgvQswzlXmzCEefL/3q2eMoefZpOI/+GLuCNA==
  dependencies:
    "@taplo/core" "^0.1.0"

"@xml-tools/parser@^1.0.11":
  version "1.0.11"
  resolved "https://registry.yarnpkg.com/@xml-tools/parser/-/parser-1.0.11.tgz#a118a14099ea5c3c537e4781fad2fc195b57f8ff"
  integrity sha512-aKqQ077XnR+oQtHJlrAflaZaL7qZsulWc/i/ZEooar5JiWj1eLt0+Wg28cpa+XLney107wXqneC+oG1IZvxkTA==
  dependencies:
    chevrotain "7.1.1"

chevrotain@7.1.1:
  version "7.1.1"
  resolved "https://registry.yarnpkg.com/chevrotain/-/chevrotain-7.1.1.tgz#5122814eafd1585a9601f9180a7be9c42d5699c6"
  integrity sha512-wy3mC1x4ye+O+QkEinVJkPf5u2vsrDIYW9G7ZuwFl6v/Yu0LwUuT2POsb+NUWApebyxfkQq6+yDfRExbnI5rcw==
  dependencies:
    regexp-to-ast "0.5.0"

prettier-plugin-toml@^2.0.1:
  version "2.0.1"
  resolved "https://registry.yarnpkg.com/prettier-plugin-toml/-/prettier-plugin-toml-2.0.1.tgz#7ba89d6fec5cb7e861ace692bc502344a2812227"
  integrity sha512-99z1YOkViECHtXQjGIigd3talI/ybUI1zB3yniAwUrlWBXupNXThB1hM6bwSMUEj2/+tomTlMtT98F5t4s8IWA==
  dependencies:
    "@taplo/lib" "^0.4.0-alpha.2"

prettier@^3.3.3:
  version "3.3.3"
  resolved "https://registry.yarnpkg.com/prettier/-/prettier-3.3.3.tgz#30c54fe0be0d8d12e6ae61dbb10109ea00d53105"
  integrity sha512-i2tDNA0O5IrMO757lfrdQZCc2jPNDVntV0m/+4whiDfWaTKfMNgR7Qz0NAeGz/nRqF4m5/6CLzbP4/liHt12Ew==

regexp-to-ast@0.5.0:
  version "0.5.0"
  resolved "https://registry.yarnpkg.com/regexp-to-ast/-/regexp-to-ast-0.5.0.tgz#56c73856bee5e1fef7f73a00f1473452ab712a24"
  integrity sha512-tlbJqcMHnPKI9zSrystikWKwHkBqu2a/Sgw01h3zFjvYrMxEDYHzzoMZnUrbIfpTFEsoRnnviOXNCzFiSc54Qw==
